
Microsoft Visual Studio Solution File, Format Version 12.00
# Visual Studio Version 17
VisualStudioVersion = 17.9.34607.119
MinimumVisualStudioVersion = 10.0.40219.1
Project("{9A19103F-16F7-4668-BE54-9A1E7A4F7556}") = "ResourceAPI", "ResourceAPI\ResourceAPI.csproj", "{BA7EAA50-A4FC-489C-84DB-FD20142D546F}"
EndProject
Project("{FAE04EC0-301F-11D3-BF4B-00C04F79EFBC}") = "ResourceAPI.EF", "ResourceAPI.EF\ResourceAPI.EF.csproj", "{4AE0A952-E64E-49D1-A245-3DA7EB5F2FD2}"
EndProject
Global
	GlobalSection(SolutionConfigurationPlatforms) = preSolution
		Debug|Any CPU = Debug|Any CPU
		Release|Any CPU = Release|Any CPU
	EndGlobalSection
	GlobalSection(ProjectConfigurationPlatforms) = postSolution
		{BA7EAA50-A4FC-489C-84DB-FD20142D546F}.Debug|Any CPU.ActiveCfg = Debug|Any CPU
		{BA7EAA50-A4FC-489C-84DB-FD20142D546F}.Debug|Any CPU.Build.0 = Debug|Any CPU
		{BA7EAA50-A4FC-489C-84DB-FD20142D546F}.Release|Any CPU.ActiveCfg = Release|Any CPU
		{BA7EAA50-A4FC-489C-84DB-FD20142D546F}.Release|Any CPU.Build.0 = Release|Any CPU
		{4AE0A952-E64E-49D1-A245-3DA7EB5F2FD2}.Debug|Any CPU.ActiveCfg = Debug|Any CPU
		{4AE0A952-E64E-49D1-A245-3DA7EB5F2FD2}.Debug|Any CPU.Build.0 = Debug|Any CPU
		{4AE0A952-E64E-49D1-A245-3DA7EB5F2FD2}.Release|Any CPU.ActiveCfg = Release|Any CPU
		{4AE0A952-E64E-49D1-A245-3DA7EB5F2FD2}.Release|Any CPU.Build.0 = Release|Any CPU
	EndGlobalSection
	GlobalSection(SolutionProperties) = preSolution
		HideSolutionNode = FALSE
	EndGlobalSection
	GlobalSection(ExtensibilityGlobals) = postSolution
		SolutionGuid = {8EF0ABE0-61FD-4419-911C-7002690833A8}
	EndGlobalSection
EndGlobal
